// !$*UTF8*$!
{
	archiveVersion = 1;
	classes = {
	};
	objectVersion = 56;
	objects = {

/* Begin PBXBuildFile section */
		7B7197D32B6D33880080BBE5 /* MessagePacker in Frameworks */ = {isa = PBXBuildFile; productRef = 7B7197D22B6D33880080BBE5 /* MessagePacker */; };
		7BA788902B51472700C52003 /* AppDelegate.swift in Sources */ = {isa = PBXBuildFile; fileRef = 7BA7888F2B51472700C52003 /* AppDelegate.swift */; };
		7BA788922B51472700C52003 /* ViewController.swift in Sources */ = {isa = PBXBuildFile; fileRef = 7BA788912B51472700C52003 /* ViewController.swift */; };
		7BA788942B51472A00C52003 /* Assets.xcassets in Resources */ = {isa = PBXBuildFile; fileRef = 7BA788932B51472A00C52003 /* Assets.xcassets */; };
		7BA788972B51472A00C52003 /* Main.storyboard in Resources */ = {isa = PBXBuildFile; fileRef = 7BA788952B51472A00C52003 /* Main.storyboard */; };
		7BA788A02B51496800C52003 /* SwiftCompilerService.swift in Sources */ = {isa = PBXBuildFile; fileRef = 7BA7889F2B51496800C52003 /* SwiftCompilerService.swift */; };
		7BA788A22B5152EF00C52003 /* DynamicLibraryHandler.swift in Sources */ = {isa = PBXBuildFile; fileRef = 7BA788A12B5152EF00C52003 /* DynamicLibraryHandler.swift */; };
		7BA788A42B5158A600C52003 /* Logger.swift in Sources */ = {isa = PBXBuildFile; fileRef = 7BA788A32B5158A600C52003 /* Logger.swift */; };
		7BA788A62B516BB700C52003 /* GraphView.swift in Sources */ = {isa = PBXBuildFile; fileRef = 7BA788A52B516BB700C52003 /* GraphView.swift */; };
		7BF833812B652CD9006712E9 /* TransformManager.swift in Sources */ = {isa = PBXBuildFile; fileRef = 7BF833802B652CD9006712E9 /* TransformManager.swift */; };
		7BF833832B654094006712E9 /* SidebarViewController.swift in Sources */ = {isa = PBXBuildFile; fileRef = 7BF833822B654094006712E9 /* SidebarViewController.swift */; };
		7BF833862B654127006712E9 /* Equation.swift in Sources */ = {isa = PBXBuildFile; fileRef = 7BF833852B654127006712E9 /* Equation.swift */; };
		7BF833882B666864006712E9 /* EquationManagementService.swift in Sources */ = {isa = PBXBuildFile; fileRef = 7BF833872B666864006712E9 /* EquationManagementService.swift */; };
		7BF8338A2B666B49006712E9 /* Constants.swift in Sources */ = {isa = PBXBuildFile; fileRef = 7BF833892B666B49006712E9 /* Constants.swift */; };
		7BF8338D2B666BBF006712E9 /* CGColor+Extension.swift in Sources */ = {isa = PBXBuildFile; fileRef = 7BF8338C2B666BBF006712E9 /* CGColor+Extension.swift */; };
		7BF8338F2B66831D006712E9 /* EquationCalculationModel.swift in Sources */ = {isa = PBXBuildFile; fileRef = 7BF8338E2B66831D006712E9 /* EquationCalculationModel.swift */; };
		7BF833912B66BEFD006712E9 /* EquationCellView.swift in Sources */ = {isa = PBXBuildFile; fileRef = 7BF833902B66BEFD006712E9 /* EquationCellView.swift */; };
		7BF833932B66FF38006712E9 /* StaticallyDecodable.swift in Sources */ = {isa = PBXBuildFile; fileRef = 7BF833922B66FF38006712E9 /* StaticallyDecodable.swift */; };
		7BF833962B66FF61006712E9 /* CGColorSpace+Extension.swift in Sources */ = {isa = PBXBuildFile; fileRef = 7BF833952B66FF61006712E9 /* CGColorSpace+Extension.swift */; };
		7BF8339C2B694DCB006712E9 /* GraphCollectionDocument.swift in Sources */ = {isa = PBXBuildFile; fileRef = 7BF8339B2B694DCB006712E9 /* GraphCollectionDocument.swift */; };
		7BF833A32B6966FA006712E9 /* WindowController.swift in Sources */ = {isa = PBXBuildFile; fileRef = 7BF833A22B6966FA006712E9 /* WindowController.swift */; };
		7BF833A52B696837006712E9 /* SplitViewController.swift in Sources */ = {isa = PBXBuildFile; fileRef = 7BF833A42B696837006712E9 /* SplitViewController.swift */; };
/* End PBXBuildFile section */

/* Begin PBXFileReference section */
		7BA7888C2B51472700C52003 /* SwiftGrapher.app */ = {isa = PBXFileReference; explicitFileType = wrapper.application; includeInIndex = 0; path = SwiftGrapher.app; sourceTree = BUILT_PRODUCTS_DIR; };
		7BA7888F2B51472700C52003 /* AppDelegate.swift */ = {isa = PBXFileReference; lastKnownFileType = sourcecode.swift; path = AppDelegate.swift; sourceTree = "<group>"; };
		7BA788912B51472700C52003 /* ViewController.swift */ = {isa = PBXFileReference; lastKnownFileType = sourcecode.swift; path = ViewController.swift; sourceTree = "<group>"; };
		7BA788932B51472A00C52003 /* Assets.xcassets */ = {isa = PBXFileReference; lastKnownFileType = folder.assetcatalog; path = Assets.xcassets; sourceTree = "<group>"; };
		7BA788962B51472A00C52003 /* Base */ = {isa = PBXFileReference; lastKnownFileType = file.storyboard; name = Base; path = Base.lproj/Main.storyboard; sourceTree = "<group>"; };
		7BA788982B51472A00C52003 /* SwiftGrapher.entitlements */ = {isa = PBXFileReference; lastKnownFileType = text.plist.entitlements; path = SwiftGrapher.entitlements; sourceTree = "<group>"; };
		7BA7889F2B51496800C52003 /* SwiftCompilerService.swift */ = {isa = PBXFileReference; lastKnownFileType = sourcecode.swift; path = SwiftCompilerService.swift; sourceTree = "<group>"; };
		7BA788A12B5152EF00C52003 /* DynamicLibraryHandler.swift */ = {isa = PBXFileReference; lastKnownFileType = sourcecode.swift; path = DynamicLibraryHandler.swift; sourceTree = "<group>"; };
		7BA788A32B5158A600C52003 /* Logger.swift */ = {isa = PBXFileReference; lastKnownFileType = sourcecode.swift; path = Logger.swift; sourceTree = "<group>"; };
		7BA788A52B516BB700C52003 /* GraphView.swift */ = {isa = PBXFileReference; lastKnownFileType = sourcecode.swift; path = GraphView.swift; sourceTree = "<group>"; };
		7BF833802B652CD9006712E9 /* TransformManager.swift */ = {isa = PBXFileReference; lastKnownFileType = sourcecode.swift; path = TransformManager.swift; sourceTree = "<group>"; };
		7BF833822B654094006712E9 /* SidebarViewController.swift */ = {isa = PBXFileReference; lastKnownFileType = sourcecode.swift; path = SidebarViewController.swift; sourceTree = "<group>"; };
		7BF833852B654127006712E9 /* Equation.swift */ = {isa = PBXFileReference; lastKnownFileType = sourcecode.swift; path = Equation.swift; sourceTree = "<group>"; };
		7BF833872B666864006712E9 /* EquationManagementService.swift */ = {isa = PBXFileReference; lastKnownFileType = sourcecode.swift; path = EquationManagementService.swift; sourceTree = "<group>"; };
		7BF833892B666B49006712E9 /* Constants.swift */ = {isa = PBXFileReference; lastKnownFileType = sourcecode.swift; path = Constants.swift; sourceTree = "<group>"; };
		7BF8338C2B666BBF006712E9 /* CGColor+Extension.swift */ = {isa = PBXFileReference; lastKnownFileType = sourcecode.swift; path = "CGColor+Extension.swift"; sourceTree = "<group>"; };
		7BF8338E2B66831D006712E9 /* EquationCalculationModel.swift */ = {isa = PBXFileReference; lastKnownFileType = sourcecode.swift; path = EquationCalculationModel.swift; sourceTree = "<group>"; };
		7BF833902B66BEFD006712E9 /* EquationCellView.swift */ = {isa = PBXFileReference; lastKnownFileType = sourcecode.swift; path = EquationCellView.swift; sourceTree = "<group>"; };
		7BF833922B66FF38006712E9 /* StaticallyDecodable.swift */ = {isa = PBXFileReference; lastKnownFileType = sourcecode.swift; path = StaticallyDecodable.swift; sourceTree = "<group>"; };
		7BF833952B66FF61006712E9 /* CGColorSpace+Extension.swift */ = {isa = PBXFileReference; lastKnownFileType = sourcecode.swift; path = "CGColorSpace+Extension.swift"; sourceTree = "<group>"; };
		7BF8339B2B694DCB006712E9 /* GraphCollectionDocument.swift */ = {isa = PBXFileReference; lastKnownFileType = sourcecode.swift; path = GraphCollectionDocument.swift; sourceTree = "<group>"; };
		7BF8339D2B695A6E006712E9 /* Info.plist */ = {isa = PBXFileReference; lastKnownFileType = text.plist; path = Info.plist; sourceTree = "<group>"; };
		7BF833A22B6966FA006712E9 /* WindowController.swift */ = {isa = PBXFileReference; lastKnownFileType = sourcecode.swift; path = WindowController.swift; sourceTree = "<group>"; };
		7BF833A42B696837006712E9 /* SplitViewController.swift */ = {isa = PBXFileReference; lastKnownFileType = sourcecode.swift; path = SplitViewController.swift; sourceTree = "<group>"; };
/* End PBXFileReference section */

/* Begin PBXFrameworksBuildPhase section */
		7BA788892B51472700C52003 /* Frameworks */ = {
			isa = PBXFrameworksBuildPhase;
			buildActionMask = 2147483647;
			files = (
				7B7197D32B6D33880080BBE5 /* MessagePacker in Frameworks */,
			);
			runOnlyForDeploymentPostprocessing = 0;
		};
/* End PBXFrameworksBuildPhase section */

/* Begin PBXGroup section */
		7BA788832B51472700C52003 = {
			isa = PBXGroup;
			children = (
				7BA7888E2B51472700C52003 /* SwiftGrapher */,
				7BA7888D2B51472700C52003 /* Products */,
			);
			sourceTree = "<group>";
		};
		7BA7888D2B51472700C52003 /* Products */ = {
			isa = PBXGroup;
			children = (
				7BA7888C2B51472700C52003 /* SwiftGrapher.app */,
			);
			name = Products;
			sourceTree = "<group>";
		};
		7BA7888E2B51472700C52003 /* SwiftGrapher */ = {
			isa = PBXGroup;
			children = (
				7BF8339D2B695A6E006712E9 /* Info.plist */,
				7BA7888F2B51472700C52003 /* AppDelegate.swift */,
				7BF833892B666B49006712E9 /* Constants.swift */,
				7BF8338B2B666BB1006712E9 /* Extensions */,
				7BF833992B66FFB5006712E9 /* Helpers */,
				7BF833972B66FF9C006712E9 /* Cells */,
				7BF8339A2B66FFCC006712E9 /* Views */,
				7BF833A12B6966E6006712E9 /* WindowControllers */,
				7BF833982B66FFA6006712E9 /* ViewControllers */,
				7BF833942B66FF40006712E9 /* Types */,
				7BF833842B65411D006712E9 /* Models */,
				7BA7889E2B51495600C52003 /* Services */,
				7BA788932B51472A00C52003 /* Assets.xcassets */,
				7BA788952B51472A00C52003 /* Main.storyboard */,
				7BA788982B51472A00C52003 /* SwiftGrapher.entitlements */,
			);
			path = SwiftGrapher;
			sourceTree = "<group>";
		};
		7BA7889E2B51495600C52003 /* Services */ = {
			isa = PBXGroup;
			children = (
				7BA7889F2B51496800C52003 /* SwiftCompilerService.swift */,
				7BF833872B666864006712E9 /* EquationManagementService.swift */,
			);
			path = Services;
			sourceTree = "<group>";
		};
		7BF833842B65411D006712E9 /* Models */ = {
			isa = PBXGroup;
			children = (
				7BF833852B654127006712E9 /* Equation.swift */,
				7BF8339B2B694DCB006712E9 /* GraphCollectionDocument.swift */,
			);
			path = Models;
			sourceTree = "<group>";
		};
		7BF8338B2B666BB1006712E9 /* Extensions */ = {
			isa = PBXGroup;
			children = (
				7BF8338C2B666BBF006712E9 /* CGColor+Extension.swift */,
				7BF833952B66FF61006712E9 /* CGColorSpace+Extension.swift */,
			);
			path = Extensions;
			sourceTree = "<group>";
		};
		7BF833942B66FF40006712E9 /* Types */ = {
			isa = PBXGroup;
			children = (
				7BF833922B66FF38006712E9 /* StaticallyDecodable.swift */,
			);
			path = Types;
			sourceTree = "<group>";
		};
		7BF833972B66FF9C006712E9 /* Cells */ = {
			isa = PBXGroup;
			children = (
				7BF833902B66BEFD006712E9 /* EquationCellView.swift */,
			);
			path = Cells;
			sourceTree = "<group>";
		};
		7BF833982B66FFA6006712E9 /* ViewControllers */ = {
			isa = PBXGroup;
			children = (
				7BF833822B654094006712E9 /* SidebarViewController.swift */,
				7BA788912B51472700C52003 /* ViewController.swift */,
				7BF833A42B696837006712E9 /* SplitViewController.swift */,
			);
			path = ViewControllers;
			sourceTree = "<group>";
		};
		7BF833992B66FFB5006712E9 /* Helpers */ = {
			isa = PBXGroup;
			children = (
				7BF8338E2B66831D006712E9 /* EquationCalculationModel.swift */,
				7BA788A32B5158A600C52003 /* Logger.swift */,
				7BA788A12B5152EF00C52003 /* DynamicLibraryHandler.swift */,
			);
			path = Helpers;
			sourceTree = "<group>";
		};
		7BF8339A2B66FFCC006712E9 /* Views */ = {
			isa = PBXGroup;
			children = (
				7BA788A52B516BB700C52003 /* GraphView.swift */,
				7BF833802B652CD9006712E9 /* TransformManager.swift */,
			);
			path = Views;
			sourceTree = "<group>";
		};
		7BF833A12B6966E6006712E9 /* WindowControllers */ = {
			isa = PBXGroup;
			children = (
				7BF833A22B6966FA006712E9 /* WindowController.swift */,
			);
			path = WindowControllers;
			sourceTree = "<group>";
		};
/* End PBXGroup section */

/* Begin PBXNativeTarget section */
		7BA7888B2B51472700C52003 /* SwiftGrapher */ = {
			isa = PBXNativeTarget;
			buildConfigurationList = 7BA7889B2B51472A00C52003 /* Build configuration list for PBXNativeTarget "SwiftGrapher" */;
			buildPhases = (
				7BA788882B51472700C52003 /* Sources */,
				7BA788892B51472700C52003 /* Frameworks */,
				7BA7888A2B51472700C52003 /* Resources */,
			);
			buildRules = (
			);
			dependencies = (
			);
			name = SwiftGrapher;
			packageProductDependencies = (
				7B7197D22B6D33880080BBE5 /* MessagePacker */,
			);
			productName = SwiftGrapher;
			productReference = 7BA7888C2B51472700C52003 /* SwiftGrapher.app */;
			productType = "com.apple.product-type.application";
		};
/* End PBXNativeTarget section */

/* Begin PBXProject section */
		7BA788842B51472700C52003 /* Project object */ = {
			isa = PBXProject;
			attributes = {
				BuildIndependentTargetsInParallel = 1;
				LastSwiftUpdateCheck = 1510;
				LastUpgradeCheck = 1510;
				TargetAttributes = {
					7BA7888B2B51472700C52003 = {
						CreatedOnToolsVersion = 15.1;
					};
				};
			};
			buildConfigurationList = 7BA788872B51472700C52003 /* Build configuration list for PBXProject "SwiftGrapher" */;
			compatibilityVersion = "Xcode 14.0";
			developmentRegion = en;
			hasScannedForEncodings = 0;
			knownRegions = (
				en,
				Base,
			);
			mainGroup = 7BA788832B51472700C52003;
			packageReferences = (
				7B7197D12B6D33880080BBE5 /* XCRemoteSwiftPackageReference "MessagePacker" */,
			);
			productRefGroup = 7BA7888D2B51472700C52003 /* Products */;
			projectDirPath = "";
			projectRoot = "";
			targets = (
				7BA7888B2B51472700C52003 /* SwiftGrapher */,
			);
		};
/* End PBXProject section */

/* Begin PBXResourcesBuildPhase section */
		7BA7888A2B51472700C52003 /* Resources */ = {
			isa = PBXResourcesBuildPhase;
			buildActionMask = 2147483647;
			files = (
				7BA788942B51472A00C52003 /* Assets.xcassets in Resources */,
				7BA788972B51472A00C52003 /* Main.storyboard in Resources */,
			);
			runOnlyForDeploymentPostprocessing = 0;
		};
/* End PBXResourcesBuildPhase section */

/* Begin PBXSourcesBuildPhase section */
		7BA788882B51472700C52003 /* Sources */ = {
			isa = PBXSourcesBuildPhase;
			buildActionMask = 2147483647;
			files = (
				7BA788A42B5158A600C52003 /* Logger.swift in Sources */,
				7BF8338A2B666B49006712E9 /* Constants.swift in Sources */,
				7BF833912B66BEFD006712E9 /* EquationCellView.swift in Sources */,
				7BA788A02B51496800C52003 /* SwiftCompilerService.swift in Sources */,
				7BF833962B66FF61006712E9 /* CGColorSpace+Extension.swift in Sources */,
				7BF833862B654127006712E9 /* Equation.swift in Sources */,
				7BA788922B51472700C52003 /* ViewController.swift in Sources */,
				7BF8339C2B694DCB006712E9 /* GraphCollectionDocument.swift in Sources */,
				7BA788A22B5152EF00C52003 /* DynamicLibraryHandler.swift in Sources */,
				7BA788902B51472700C52003 /* AppDelegate.swift in Sources */,
				7BF833882B666864006712E9 /* EquationManagementService.swift in Sources */,
				7BF833812B652CD9006712E9 /* TransformManager.swift in Sources */,
				7BA788A62B516BB700C52003 /* GraphView.swift in Sources */,
				7BF833A32B6966FA006712E9 /* WindowController.swift in Sources */,
				7BF833832B654094006712E9 /* SidebarViewController.swift in Sources */,
				7BF8338D2B666BBF006712E9 /* CGColor+Extension.swift in Sources */,
				7BF8338F2B66831D006712E9 /* EquationCalculationModel.swift in Sources */,
				7BF833A52B696837006712E9 /* SplitViewController.swift in Sources */,
				7BF833932B66FF38006712E9 /* StaticallyDecodable.swift in Sources */,
			);
			runOnlyForDeploymentPostprocessing = 0;
		};
/* End PBXSourcesBuildPhase section */

/* Begin PBXVariantGroup section */
		7BA788952B51472A00C52003 /* Main.storyboard */ = {
			isa = PBXVariantGroup;
			children = (
				7BA788962B51472A00C52003 /* Base */,
			);
			name = Main.storyboard;
			sourceTree = "<group>";
		};
/* End PBXVariantGroup section */

/* Begin XCBuildConfiguration section */
		7BA788992B51472A00C52003 /* Debug */ = {
			isa = XCBuildConfiguration;
			buildSettings = {
				ALWAYS_SEARCH_USER_PATHS = NO;
				ASSETCATALOG_COMPILER_GENERATE_SWIFT_ASSET_SYMBOL_EXTENSIONS = YES;
				CLANG_ANALYZER_NONNULL = YES;
				CLANG_ANALYZER_NUMBER_OBJECT_CONVERSION = YES_AGGRESSIVE;
				CLANG_CXX_LANGUAGE_STANDARD = "gnu++20";
				CLANG_ENABLE_MODULES = YES;
				CLANG_ENABLE_OBJC_ARC = YES;
				CLANG_ENABLE_OBJC_WEAK = YES;
				CLANG_WARN_BLOCK_CAPTURE_AUTORELEASING = YES;
				CLANG_WARN_BOOL_CONVERSION = YES;
				CLANG_WARN_COMMA = YES;
				CLANG_WARN_CONSTANT_CONVERSION = YES;
				CLANG_WARN_DEPRECATED_OBJC_IMPLEMENTATIONS = YES;
				CLANG_WARN_DIRECT_OBJC_ISA_USAGE = YES_ERROR;
				CLANG_WARN_DOCUMENTATION_COMMENTS = YES;
				CLANG_WARN_EMPTY_BODY = YES;
				CLANG_WARN_ENUM_CONVERSION = YES;
				CLANG_WARN_INFINITE_RECURSION = YES;
				CLANG_WARN_INT_CONVERSION = YES;
				CLANG_WARN_NON_LITERAL_NULL_CONVERSION = YES;
				CLANG_WARN_OBJC_IMPLICIT_RETAIN_SELF = YES;
				CLANG_WARN_OBJC_LITERAL_CONVERSION = YES;
				CLANG_WARN_OBJC_ROOT_CLASS = YES_ERROR;
				CLANG_WARN_QUOTED_INCLUDE_IN_FRAMEWORK_HEADER = YES;
				CLANG_WARN_RANGE_LOOP_ANALYSIS = YES;
				CLANG_WARN_STRICT_PROTOTYPES = YES;
				CLANG_WARN_SUSPICIOUS_MOVE = YES;
				CLANG_WARN_UNGUARDED_AVAILABILITY = YES_AGGRESSIVE;
				CLANG_WARN_UNREACHABLE_CODE = YES;
				CLANG_WARN__DUPLICATE_METHOD_MATCH = YES;
				COPY_PHASE_STRIP = NO;
				DEBUG_INFORMATION_FORMAT = dwarf;
				ENABLE_STRICT_OBJC_MSGSEND = YES;
				ENABLE_TESTABILITY = YES;
				ENABLE_USER_SCRIPT_SANDBOXING = YES;
				GCC_C_LANGUAGE_STANDARD = gnu17;
				GCC_DYNAMIC_NO_PIC = NO;
				GCC_NO_COMMON_BLOCKS = YES;
				GCC_OPTIMIZATION_LEVEL = 0;
				GCC_PREPROCESSOR_DEFINITIONS = (
					"DEBUG=1",
					"$(inherited)",
				);
				GCC_WARN_64_TO_32_BIT_CONVERSION = YES;
				GCC_WARN_ABOUT_RETURN_TYPE = YES_ERROR;
				GCC_WARN_UNDECLARED_SELECTOR = YES;
				GCC_WARN_UNINITIALIZED_AUTOS = YES_AGGRESSIVE;
				GCC_WARN_UNUSED_FUNCTION = YES;
				GCC_WARN_UNUSED_VARIABLE = YES;
				LOCALIZATION_PREFERS_STRING_CATALOGS = YES;
				MACOSX_DEPLOYMENT_TARGET = 14.1;
				MTL_ENABLE_DEBUG_INFO = INCLUDE_SOURCE;
				MTL_FAST_MATH = YES;
				ONLY_ACTIVE_ARCH = YES;
				SDKROOT = macosx;
				SWIFT_ACTIVE_COMPILATION_CONDITIONS = "DEBUG $(inherited)";
				SWIFT_OPTIMIZATION_LEVEL = "-Onone";
			};
			name = Debug;
		};
		7BA7889A2B51472A00C52003 /* Release */ = {
			isa = XCBuildConfiguration;
			buildSettings = {
				ALWAYS_SEARCH_USER_PATHS = NO;
				ASSETCATALOG_COMPILER_GENERATE_SWIFT_ASSET_SYMBOL_EXTENSIONS = YES;
				CLANG_ANALYZER_NONNULL = YES;
				CLANG_ANALYZER_NUMBER_OBJECT_CONVERSION = YES_AGGRESSIVE;
				CLANG_CXX_LANGUAGE_STANDARD = "gnu++20";
				CLANG_ENABLE_MODULES = YES;
				CLANG_ENABLE_OBJC_ARC = YES;
				CLANG_ENABLE_OBJC_WEAK = YES;
				CLANG_WARN_BLOCK_CAPTURE_AUTORELEASING = YES;
				CLANG_WARN_BOOL_CONVERSION = YES;
				CLANG_WARN_COMMA = YES;
				CLANG_WARN_CONSTANT_CONVERSION = YES;
				CLANG_WARN_DEPRECATED_OBJC_IMPLEMENTATIONS = YES;
				CLANG_WARN_DIRECT_OBJC_ISA_USAGE = YES_ERROR;
				CLANG_WARN_DOCUMENTATION_COMMENTS = YES;
				CLANG_WARN_EMPTY_BODY = YES;
				CLANG_WARN_ENUM_CONVERSION = YES;
				CLANG_WARN_INFINITE_RECURSION = YES;
				CLANG_WARN_INT_CONVERSION = YES;
				CLANG_WARN_NON_LITERAL_NULL_CONVERSION = YES;
				CLANG_WARN_OBJC_IMPLICIT_RETAIN_SELF = YES;
				CLANG_WARN_OBJC_LITERAL_CONVERSION = YES;
				CLANG_WARN_OBJC_ROOT_CLASS = YES_ERROR;
				CLANG_WARN_QUOTED_INCLUDE_IN_FRAMEWORK_HEADER = YES;
				CLANG_WARN_RANGE_LOOP_ANALYSIS = YES;
				CLANG_WARN_STRICT_PROTOTYPES = YES;
				CLANG_WARN_SUSPICIOUS_MOVE = YES;
				CLANG_WARN_UNGUARDED_AVAILABILITY = YES_AGGRESSIVE;
				CLANG_WARN_UNREACHABLE_CODE = YES;
				CLANG_WARN__DUPLICATE_METHOD_MATCH = YES;
				COPY_PHASE_STRIP = NO;
				DEBUG_INFORMATION_FORMAT = "dwarf-with-dsym";
				ENABLE_NS_ASSERTIONS = NO;
				ENABLE_STRICT_OBJC_MSGSEND = YES;
				ENABLE_USER_SCRIPT_SANDBOXING = YES;
				GCC_C_LANGUAGE_STANDARD = gnu17;
				GCC_NO_COMMON_BLOCKS = YES;
				GCC_WARN_64_TO_32_BIT_CONVERSION = YES;
				GCC_WARN_ABOUT_RETURN_TYPE = YES_ERROR;
				GCC_WARN_UNDECLARED_SELECTOR = YES;
				GCC_WARN_UNINITIALIZED_AUTOS = YES_AGGRESSIVE;
				GCC_WARN_UNUSED_FUNCTION = YES;
				GCC_WARN_UNUSED_VARIABLE = YES;
				LOCALIZATION_PREFERS_STRING_CATALOGS = YES;
				MACOSX_DEPLOYMENT_TARGET = 14.1;
				MTL_ENABLE_DEBUG_INFO = NO;
				MTL_FAST_MATH = YES;
				SDKROOT = macosx;
				SWIFT_COMPILATION_MODE = wholemodule;
			};
			name = Release;
		};
		7BA7889C2B51472A00C52003 /* Debug */ = {
			isa = XCBuildConfiguration;
			buildSettings = {
				ASSETCATALOG_COMPILER_APPICON_NAME = AppIcon;
				ASSETCATALOG_COMPILER_GLOBAL_ACCENT_COLOR_NAME = AccentColor;
				CODE_SIGN_ENTITLEMENTS = SwiftGrapher/SwiftGrapher.entitlements;
				CODE_SIGN_STYLE = Automatic;
				COMBINE_HIDPI_IMAGES = YES;
				CURRENT_PROJECT_VERSION = 1;
				DEVELOPMENT_TEAM = EUKTZ7725R;
				ENABLE_HARDENED_RUNTIME = NO;
				GENERATE_INFOPLIST_FILE = YES;
				INFOPLIST_FILE = SwiftGrapher/Info.plist;
				INFOPLIST_KEY_NSHumanReadableCopyright = "";
				INFOPLIST_KEY_NSMainStoryboardFile = Main;
				INFOPLIST_KEY_NSPrincipalClass = NSApplication;
				LD_RUNPATH_SEARCH_PATHS = (
					"$(inherited)",
					"@executable_path/../Frameworks",
				);
				MACOSX_DEPLOYMENT_TARGET = 14.0;
				MARKETING_VERSION = 1.0;
				PRODUCT_BUNDLE_IDENTIFIER = com.skillbreak.SwiftGrapher;
				PRODUCT_NAME = "$(TARGET_NAME)";
				SWIFT_EMIT_LOC_STRINGS = YES;
				SWIFT_VERSION = 5.0;
			};
			name = Debug;
		};
		7BA7889D2B51472A00C52003 /* Release */ = {
			isa = XCBuildConfiguration;
			buildSettings = {
				ASSETCATALOG_COMPILER_APPICON_NAME = AppIcon;
				ASSETCATALOG_COMPILER_GLOBAL_ACCENT_COLOR_NAME = AccentColor;
				CODE_SIGN_ENTITLEMENTS = SwiftGrapher/SwiftGrapher.entitlements;
				CODE_SIGN_STYLE = Automatic;
				COMBINE_HIDPI_IMAGES = YES;
				CURRENT_PROJECT_VERSION = 1;
				DEVELOPMENT_TEAM = EUKTZ7725R;
				ENABLE_HARDENED_RUNTIME = NO;
				GENERATE_INFOPLIST_FILE = YES;
				INFOPLIST_FILE = SwiftGrapher/Info.plist;
				INFOPLIST_KEY_NSHumanReadableCopyright = "";
				INFOPLIST_KEY_NSMainStoryboardFile = Main;
				INFOPLIST_KEY_NSPrincipalClass = NSApplication;
				LD_RUNPATH_SEARCH_PATHS = (
					"$(inherited)",
					"@executable_path/../Frameworks",
				);
				MACOSX_DEPLOYMENT_TARGET = 14.0;
				MARKETING_VERSION = 1.0;
				PRODUCT_BUNDLE_IDENTIFIER = com.skillbreak.SwiftGrapher;
				PRODUCT_NAME = "$(TARGET_NAME)";
				SWIFT_EMIT_LOC_STRINGS = YES;
				SWIFT_VERSION = 5.0;
			};
			name = Release;
		};
/* End XCBuildConfiguration section */

/* Begin XCConfigurationList section */
		7BA788872B51472700C52003 /* Build configuration list for PBXProject "SwiftGrapher" */ = {
			isa = XCConfigurationList;
			buildConfigurations = (
				7BA788992B51472A00C52003 /* Debug */,
				7BA7889A2B51472A00C52003 /* Release */,
			);
			defaultConfigurationIsVisible = 0;
			defaultConfigurationName = Release;
		};
		7BA7889B2B51472A00C52003 /* Build configuration list for PBXNativeTarget "SwiftGrapher" */ = {
			isa = XCConfigurationList;
			buildConfigurations = (
				7BA7889C2B51472A00C52003 /* Debug */,
				7BA7889D2B51472A00C52003 /* Release */,
			);
			defaultConfigurationIsVisible = 0;
			defaultConfigurationName = Release;
		};
/* End XCConfigurationList section */

/* Begin XCRemoteSwiftPackageReference section */
		7B7197D12B6D33880080BBE5 /* XCRemoteSwiftPackageReference "MessagePacker" */ = {
			isa = XCRemoteSwiftPackageReference;
			repositoryURL = "https://github.com/hirotakan/MessagePacker.git";
			requirement = {
				kind = upToNextMajorVersion;
				minimumVersion = 0.4.7;
			};
		};
/* End XCRemoteSwiftPackageReference section */

/* Begin XCSwiftPackageProductDependency section */
		7B7197D22B6D33880080BBE5 /* MessagePacker */ = {
			isa = XCSwiftPackageProductDependency;
			package = 7B7197D12B6D33880080BBE5 /* XCRemoteSwiftPackageReference "MessagePacker" */;
			productName = MessagePacker;
		};
/* End XCSwiftPackageProductDependency section */
	};
	rootObject = 7BA788842B51472700C52003 /* Project object */;
}
