{
  "pins" : [
    {
      "identity" : "mainoffender",
      "kind" : "remoteSourceControl",
      "location" : "https://github.com/mattmassicotte/MainOffender",
      "state" : {
        "revision" : "8de872d9256ff7f9913cbc5dd560568ab164be45",
        "version" : "0.2.1"
      }
    },
    {
      "identity" : "messagepacker",
      "kind" : "remoteSourceControl",
      "location" : "https://github.com/hirotakan/MessagePacker.git",
      "state" : {
        "revision" : "4d8346c6bc579347e4df0429493760691c5aeca2",
        "version" : "0.4.7"
      }
    },
    {
      "identity" : "neon",
      "kind" : "remoteSourceControl",
      "location" : "https://github.com/ChimeHQ/Neon.git",
      "state" : {
        "revision" : "7df7d080a271cfa4dc87f94cccc024665a75047e",
        "version" : "0.6.0"
      }
    },
    {
      "identity" : "rearrange",
      "kind" : "remoteSourceControl",
      "location" : "https://github.com/ChimeHQ/Rearrange",
      "state" : {
        "revision" : "5ff7f3363f7a08f77e0d761e38e6add31c2136e1",
        "version" : "1.8.1"
      }
    },
    {
      "identity" : "sttextkitplus",
      "kind" : "remoteSourceControl",
      "location" : "https://github.com/krzyzanowskim/STTextKitPlus",
      "state" : {
        "revision" : "5500fa8811ed339605b0861ae0390677863a7bfe",
        "version" : "0.0.2"
      }
    },
    {
      "identity" : "sttextview",
      "kind" : "remoteSourceControl",
      "location" : "https://github.com/krzyzanowskim/STTextView",
      "state" : {
        "revision" : "e9e54718b882115db69ec1e17ac1bec844906cd9",
        "version" : "0.9.0"
      }
    },
    {
      "identity" : "sttextview-plugin-annotations",
      "kind" : "remoteSourceControl",
      "location" : "https://github.com/krzyzanowskim/STTextView-Plugin-Annotations",
      "state" : {
        "revision" : "e9cfc2ce267622b4d73760a4663916d56f203995",
        "version" : "1.0.2"
      }
    },
    {
      "identity" : "sttextview-plugin-neon",
      "kind" : "remoteSourceControl",
      "location" : "https://github.com/krzyzanowskim/STTextView-Plugin-Neon",
      "state" : {
        "revision" : "51ee66d2c3e4c259b25af2f6e7c2671209f8d3a6",
        "version" : "0.1.0"
      }
    },
    {
      "identity" : "sttextview-plugin-textformation?tab=readme-ov-file",
      "kind" : "remoteSourceControl",
      "location" : "https://github.com/ChimeHQ/STTextView-Plugin-TextFormation?tab=readme-ov-file",
      "state" : {
        "branch" : "main",
        "revision" : "c92768db2c0201b38b13dc6a23cac760a3156d46"
      }
    },
    {
      "identity" : "swifttreesitter",
      "kind" : "remoteSourceControl",
      "location" : "https://github.com/ChimeHQ/SwiftTreeSitter.git",
      "state" : {
        "revision" : "2599e95310b3159641469d8a21baf2d3d200e61f",
        "version" : "0.8.0"
      }
    },
    {
      "identity" : "textformation",
      "kind" : "remoteSourceControl",
      "location" : "https://github.com/ChimeHQ/TextFormation",
      "state" : {
        "revision" : "f6faed6abd768ae95b70d10113d4008a7cac57a7",
        "version" : "0.8.2"
      }
    },
    {
      "identity" : "textstory",
      "kind" : "remoteSourceControl",
      "location" : "https://github.com/ChimeHQ/TextStory",
      "state" : {
        "revision" : "8883fa739aa213e70e6cb109bfbf0a0b551e4cb5",
        "version" : "0.8.0"
      }
    },
    {
      "identity" : "tree-sitter-xcframework",
      "kind" : "remoteSourceControl",
      "location" : "https://github.com/krzyzanowskim/tree-sitter-xcframework",
      "state" : {
        "revision" : "474d2ce3ce210be3ab30ff8f00ea564b4cd42a15",
        "version" : "0.208.4"
      }
    }
  ],
  "version" : 2
}
